
Microsoft Visual Studio Solution File, Format Version 12.00
Project("{FAE04EC0-301F-11D3-BF4B-00C04F79EFBC}") = "RedisStreaming", "RedisStreaming\RedisStreaming.csproj", "{C557C199-7E20-476F-AC28-7B6A8205FAF5}"
EndProject
Global
	GlobalSection(SolutionConfigurationPlatforms) = preSolution
		Debug|Any CPU = Debug|Any CPU
		Release|Any CPU = Release|Any CPU
	EndGlobalSection
	GlobalSection(ProjectConfigurationPlatforms) = postSolution
		{C557C199-7E20-476F-AC28-7B6A8205FAF5}.Debug|Any CPU.ActiveCfg = Debug|Any CPU
		{C557C199-7E20-476F-AC28-7B6A8205FAF5}.Debug|Any CPU.Build.0 = Debug|Any CPU
		{C557C199-7E20-476F-AC28-7B6A8205FAF5}.Release|Any CPU.ActiveCfg = Release|Any CPU
		{C557C199-7E20-476F-AC28-7B6A8205FAF5}.Release|Any CPU.Build.0 = Release|Any CPU
	EndGlobalSection
EndGlobal
